
Microsoft Visual Studio Solution File, Format Version 12.00
# Visual Studio Version 17
VisualStudioVersion = 17.7.34024.191
MinimumVisualStudioVersion = 10.0.40219.1
Project("{FAE04EC0-301F-11D3-BF4B-00C04F79EFBC}") = "VoiceCont_FlapBird", "VoiceCont_FlapBird\VoiceCont_FlapBird.csproj", "{545DD136-EEE9-4229-94C8-3DF94FB0329E}"
EndProject
Global
	GlobalSection(SolutionConfigurationPlatforms) = preSolution
		Debug|Any CPU = Debug|Any CPU
		Release|Any CPU = Release|Any CPU
	EndGlobalSection
	GlobalSection(ProjectConfigurationPlatforms) = postSolution
		{545DD136-EEE9-4229-94C8-3DF94FB0329E}.Debug|Any CPU.ActiveCfg = Debug|Any CPU
		{545DD136-EEE9-4229-94C8-3DF94FB0329E}.Debug|Any CPU.Build.0 = Debug|Any CPU
		{545DD136-EEE9-4229-94C8-3DF94FB0329E}.Release|Any CPU.ActiveCfg = Release|Any CPU
		{545DD136-EEE9-4229-94C8-3DF94FB0329E}.Release|Any CPU.Build.0 = Release|Any CPU
	EndGlobalSection
	GlobalSection(SolutionProperties) = preSolution
		HideSolutionNode = FALSE
	EndGlobalSection
	GlobalSection(ExtensibilityGlobals) = postSolution
		SolutionGuid = {5D75A55D-B354-42E5-B1BA-057C6689AB5B}
	EndGlobalSection
EndGlobal
